
Microsoft Visual Studio Solution File, Format Version 12.00
# Visual Studio Version 17
VisualStudioVersion = 17.5.2.0
MinimumVisualStudioVersion = 10.0.40219.1
Project("{FAE04EC0-301F-11D3-BF4B-00C04F79EFBC}") = "explAInedCommentService", "explAInedCommentService.csproj", "{D9C3FC2E-9B77-41FE-9878-6279195CAAC3}"
EndProject
Project("{2150E333-8FDC-42A3-9474-1A3956D46DE8}") = "tests", "tests", "{9C25D6E6-D447-4F2E-9822-DF2A7DDC9470}"
EndProject
Project("{FAE04EC0-301F-11D3-BF4B-00C04F79EFBC}") = "explAInedCommentService.Tests", "tests\explAInedCommentService.Tests\explAInedCommentService.Tests.csproj", "{003CA847-A58E-4208-9EC2-D7F96FDB7685}"
EndProject
Global
	GlobalSection(SolutionConfigurationPlatforms) = preSolution
		Debug|Any CPU = Debug|Any CPU
		Debug|x64 = Debug|x64
		Debug|x86 = Debug|x86
		Release|Any CPU = Release|Any CPU
		Release|x64 = Release|x64
		Release|x86 = Release|x86
	EndGlobalSection
	GlobalSection(ProjectConfigurationPlatforms) = postSolution
		{D9C3FC2E-9B77-41FE-9878-6279195CAAC3}.Debug|Any CPU.ActiveCfg = Debug|Any CPU
		{D9C3FC2E-9B77-41FE-9878-6279195CAAC3}.Debug|Any CPU.Build.0 = Debug|Any CPU
		{D9C3FC2E-9B77-41FE-9878-6279195CAAC3}.Debug|x64.ActiveCfg = Debug|Any CPU
		{D9C3FC2E-9B77-41FE-9878-6279195CAAC3}.Debug|x64.Build.0 = Debug|Any CPU
		{D9C3FC2E-9B77-41FE-9878-6279195CAAC3}.Debug|x86.ActiveCfg = Debug|Any CPU
		{D9C3FC2E-9B77-41FE-9878-6279195CAAC3}.Debug|x86.Build.0 = Debug|Any CPU
		{D9C3FC2E-9B77-41FE-9878-6279195CAAC3}.Release|Any CPU.ActiveCfg = Release|Any CPU
		{D9C3FC2E-9B77-41FE-9878-6279195CAAC3}.Release|Any CPU.Build.0 = Release|Any CPU
		{D9C3FC2E-9B77-41FE-9878-6279195CAAC3}.Release|x64.ActiveCfg = Release|Any CPU
		{D9C3FC2E-9B77-41FE-9878-6279195CAAC3}.Release|x64.Build.0 = Release|Any CPU
		{D9C3FC2E-9B77-41FE-9878-6279195CAAC3}.Release|x86.ActiveCfg = Release|Any CPU
		{D9C3FC2E-9B77-41FE-9878-6279195CAAC3}.Release|x86.Build.0 = Release|Any CPU
		{003CA847-A58E-4208-9EC2-D7F96FDB7685}.Debug|Any CPU.ActiveCfg = Debug|Any CPU
		{003CA847-A58E-4208-9EC2-D7F96FDB7685}.Debug|Any CPU.Build.0 = Debug|Any CPU
		{003CA847-A58E-4208-9EC2-D7F96FDB7685}.Debug|x64.ActiveCfg = Debug|Any CPU
		{003CA847-A58E-4208-9EC2-D7F96FDB7685}.Debug|x64.Build.0 = Debug|Any CPU
		{003CA847-A58E-4208-9EC2-D7F96FDB7685}.Debug|x86.ActiveCfg = Debug|Any CPU
		{003CA847-A58E-4208-9EC2-D7F96FDB7685}.Debug|x86.Build.0 = Debug|Any CPU
		{003CA847-A58E-4208-9EC2-D7F96FDB7685}.Release|Any CPU.ActiveCfg = Release|Any CPU
		{003CA847-A58E-4208-9EC2-D7F96FDB7685}.Release|Any CPU.Build.0 = Release|Any CPU
		{003CA847-A58E-4208-9EC2-D7F96FDB7685}.Release|x64.ActiveCfg = Release|Any CPU
		{003CA847-A58E-4208-9EC2-D7F96FDB7685}.Release|x64.Build.0 = Release|Any CPU
		{003CA847-A58E-4208-9EC2-D7F96FDB7685}.Release|x86.ActiveCfg = Release|Any CPU
		{003CA847-A58E-4208-9EC2-D7F96FDB7685}.Release|x86.Build.0 = Release|Any CPU
	EndGlobalSection
	GlobalSection(SolutionProperties) = preSolution
		HideSolutionNode = FALSE
	EndGlobalSection
	GlobalSection(NestedProjects) = preSolution
		{003CA847-A58E-4208-9EC2-D7F96FDB7685} = {9C25D6E6-D447-4F2E-9822-DF2A7DDC9470}
	EndGlobalSection
	GlobalSection(ExtensibilityGlobals) = postSolution
		SolutionGuid = {3871D438-C2A9-4F9B-8293-8D0572DD8454}
	EndGlobalSection
EndGlobal
